// !$*UTF8*$!
{
	archiveVersion = 1;
	classes = {
	};
	objectVersion = 46;
	objects = {

/* Begin PBXBuildFile section */
		212E878E1F038DEB0020ED24 /* ZB_BubbleView.swift in Sources */ = {isa = PBXBuildFile; fileRef = 212E878D1F038DEB0020ED24 /* ZB_BubbleView.swift */; };
		2140E4871F03734E003DECF3 /* AppDelegate.swift in Sources */ = {isa = PBXBuildFile; fileRef = 2140E4861F03734E003DECF3 /* AppDelegate.swift */; };
		2140E4891F03734E003DECF3 /* ViewController.swift in Sources */ = {isa = PBXBuildFile; fileRef = 2140E4881F03734E003DECF3 /* ViewController.swift */; };
		2140E48C1F03734E003DECF3 /* Main.storyboard in Resources */ = {isa = PBXBuildFile; fileRef = 2140E48A1F03734E003DECF3 /* Main.storyboard */; };
		2140E48E1F03734E003DECF3 /* Assets.xcassets in Resources */ = {isa = PBXBuildFile; fileRef = 2140E48D1F03734E003DECF3 /* Assets.xcassets */; };
		2140E4911F03734E003DECF3 /* LaunchScreen.storyboard in Resources */ = {isa = PBXBuildFile; fileRef = 2140E48F1F03734E003DECF3 /* LaunchScreen.storyboard */; };
		2140E49C1F03734F003DECF3 /* SWiftAnimationTests.swift in Sources */ = {isa = PBXBuildFile; fileRef = 2140E49B1F03734F003DECF3 /* SWiftAnimationTests.swift */; };
		2140E4A71F03734F003DECF3 /* SWiftAnimationUITests.swift in Sources */ = {isa = PBXBuildFile; fileRef = 2140E4A61F03734F003DECF3 /* SWiftAnimationUITests.swift */; };
		21525C7D1F04C3AC007696FA /* 动画总结 in Resources */ = {isa = PBXBuildFile; fileRef = 21525C7C1F04C3AC007696FA /* 动画总结 */; };
		215280D81F04F6F900D84757 /* CustomAnimationController.swift in Sources */ = {isa = PBXBuildFile; fileRef = 215280D71F04F6F900D84757 /* CustomAnimationController.swift */; };
		215280DA1F0506C400D84757 /* UINavigationControllerExtension.swift in Sources */ = {isa = PBXBuildFile; fileRef = 215280D91F0506C400D84757 /* UINavigationControllerExtension.swift */; };
/* End PBXBuildFile section */

/* Begin PBXContainerItemProxy section */
		2140E4981F03734F003DECF3 /* PBXContainerItemProxy */ = {
			isa = PBXContainerItemProxy;
			containerPortal = 2140E47B1F03734E003DECF3 /* Project object */;
			proxyType = 1;
			remoteGlobalIDString = 2140E4821F03734E003DECF3;
			remoteInfo = SWiftAnimation;
		};
		2140E4A31F03734F003DECF3 /* PBXContainerItemProxy */ = {
			isa = PBXContainerItemProxy;
			containerPortal = 2140E47B1F03734E003DECF3 /* Project object */;
			proxyType = 1;
			remoteGlobalIDString = 2140E4821F03734E003DECF3;
			remoteInfo = SWiftAnimation;
		};
/* End PBXContainerItemProxy section */

/* Begin PBXFileReference section */
		212E878D1F038DEB0020ED24 /* ZB_BubbleView.swift */ = {isa = PBXFileReference; fileEncoding = 4; lastKnownFileType = sourcecode.swift; path = ZB_BubbleView.swift; sourceTree = "<group>"; };
		2140E4831F03734E003DECF3 /* SWiftAnimation.app */ = {isa = PBXFileReference; explicitFileType = wrapper.application; includeInIndex = 0; path = SWiftAnimation.app; sourceTree = BUILT_PRODUCTS_DIR; };
		2140E4861F03734E003DECF3 /* AppDelegate.swift */ = {isa = PBXFileReference; lastKnownFileType = sourcecode.swift; path = AppDelegate.swift; sourceTree = "<group>"; };
		2140E4881F03734E003DECF3 /* ViewController.swift */ = {isa = PBXFileReference; lastKnownFileType = sourcecode.swift; path = ViewController.swift; sourceTree = "<group>"; };
		2140E48B1F03734E003DECF3 /* Base */ = {isa = PBXFileReference; lastKnownFileType = file.storyboard; name = Base; path = Base.lproj/Main.storyboard; sourceTree = "<group>"; };
		2140E48D1F03734E003DECF3 /* Assets.xcassets */ = {isa = PBXFileReference; lastKnownFileType = folder.assetcatalog; path = Assets.xcassets; sourceTree = "<group>"; };
		2140E4901F03734E003DECF3 /* Base */ = {isa = PBXFileReference; lastKnownFileType = file.storyboard; name = Base; path = Base.lproj/LaunchScreen.storyboard; sourceTree = "<group>"; };
		2140E4921F03734E003DECF3 /* Info.plist */ = {isa = PBXFileReference; lastKnownFileType = text.plist.xml; path = Info.plist; sourceTree = "<group>"; };
		2140E4971F03734F003DECF3 /* SWiftAnimationTests.xctest */ = {isa = PBXFileReference; explicitFileType = wrapper.cfbundle; includeInIndex = 0; path = SWiftAnimationTests.xctest; sourceTree = BUILT_PRODUCTS_DIR; };
		2140E49B1F03734F003DECF3 /* SWiftAnimationTests.swift */ = {isa = PBXFileReference; lastKnownFileType = sourcecode.swift; path = SWiftAnimationTests.swift; sourceTree = "<group>"; };
		2140E49D1F03734F003DECF3 /* Info.plist */ = {isa = PBXFileReference; lastKnownFileType = text.plist.xml; path = Info.plist; sourceTree = "<group>"; };
		2140E4A21F03734F003DECF3 /* SWiftAnimationUITests.xctest */ = {isa = PBXFileReference; explicitFileType = wrapper.cfbundle; includeInIndex = 0; path = SWiftAnimationUITests.xctest; sourceTree = BUILT_PRODUCTS_DIR; };
		2140E4A61F03734F003DECF3 /* SWiftAnimationUITests.swift */ = {isa = PBXFileReference; lastKnownFileType = sourcecode.swift; path = SWiftAnimationUITests.swift; sourceTree = "<group>"; };
		2140E4A81F03734F003DECF3 /* Info.plist */ = {isa = PBXFileReference; lastKnownFileType = text.plist.xml; path = Info.plist; sourceTree = "<group>"; };
		21525C7C1F04C3AC007696FA /* 动画总结 */ = {isa = PBXFileReference; fileEncoding = 4; lastKnownFileType = text; path = "动画总结"; sourceTree = "<group>"; };
		215280D71F04F6F900D84757 /* CustomAnimationController.swift */ = {isa = PBXFileReference; fileEncoding = 4; lastKnownFileType = sourcecode.swift; path = CustomAnimationController.swift; sourceTree = "<group>"; };
		215280D91F0506C400D84757 /* UINavigationControllerExtension.swift */ = {isa = PBXFileReference; fileEncoding = 4; lastKnownFileType = sourcecode.swift; path = UINavigationControllerExtension.swift; sourceTree = "<group>"; };
/* End PBXFileReference section */

/* Begin PBXFrameworksBuildPhase section */
		2140E4801F03734E003DECF3 /* Frameworks */ = {
			isa = PBXFrameworksBuildPhase;
			buildActionMask = 2147483647;
			files = (
			);
			runOnlyForDeploymentPostprocessing = 0;
		};
		2140E4941F03734F003DECF3 /* Frameworks */ = {
			isa = PBXFrameworksBuildPhase;
			buildActionMask = 2147483647;
			files = (
			);
			runOnlyForDeploymentPostprocessing = 0;
		};
		2140E49F1F03734F003DECF3 /* Frameworks */ = {
			isa = PBXFrameworksBuildPhase;
			buildActionMask = 2147483647;
			files = (
			);
			runOnlyForDeploymentPostprocessing = 0;
		};
/* End PBXFrameworksBuildPhase section */

/* Begin PBXGroup section */
		2140E47A1F03734E003DECF3 = {
			isa = PBXGroup;
			children = (
				2140E4851F03734E003DECF3 /* SWiftAnimation */,
				2140E49A1F03734F003DECF3 /* SWiftAnimationTests */,
				2140E4A51F03734F003DECF3 /* SWiftAnimationUITests */,
				2140E4841F03734E003DECF3 /* Products */,
			);
			sourceTree = "<group>";
		};
		2140E4841F03734E003DECF3 /* Products */ = {
			isa = PBXGroup;
			children = (
				2140E4831F03734E003DECF3 /* SWiftAnimation.app */,
				2140E4971F03734F003DECF3 /* SWiftAnimationTests.xctest */,
				2140E4A21F03734F003DECF3 /* SWiftAnimationUITests.xctest */,
			);
			name = Products;
			sourceTree = "<group>";
		};
		2140E4851F03734E003DECF3 /* SWiftAnimation */ = {
			isa = PBXGroup;
			children = (
				215280D71F04F6F900D84757 /* CustomAnimationController.swift */,
				212E878D1F038DEB0020ED24 /* ZB_BubbleView.swift */,
				2140E4861F03734E003DECF3 /* AppDelegate.swift */,
				2140E4881F03734E003DECF3 /* ViewController.swift */,
				2140E48A1F03734E003DECF3 /* Main.storyboard */,
				2140E48D1F03734E003DECF3 /* Assets.xcassets */,
				2140E48F1F03734E003DECF3 /* LaunchScreen.storyboard */,
				2140E4921F03734E003DECF3 /* Info.plist */,
				21525C7C1F04C3AC007696FA /* 动画总结 */,
				215280D91F0506C400D84757 /* UINavigationControllerExtension.swift */,
			);
			path = SWiftAnimation;
			sourceTree = "<group>";
		};
		2140E49A1F03734F003DECF3 /* SWiftAnimationTests */ = {
			isa = PBXGroup;
			children = (
				2140E49B1F03734F003DECF3 /* SWiftAnimationTests.swift */,
				2140E49D1F03734F003DECF3 /* Info.plist */,
			);
			path = SWiftAnimationTests;
			sourceTree = "<group>";
		};
		2140E4A51F03734F003DECF3 /* SWiftAnimationUITests */ = {
			isa = PBXGroup;
			children = (
				2140E4A61F03734F003DECF3 /* SWiftAnimationUITests.swift */,
				2140E4A81F03734F003DECF3 /* Info.plist */,
			);
			path = SWiftAnimationUITests;
			sourceTree = "<group>";
		};
/* End PBXGroup section */

/* Begin PBXNativeTarget section */
		2140E4821F03734E003DECF3 /* SWiftAnimation */ = {
			isa = PBXNativeTarget;
			buildConfigurationList = 2140E4AB1F03734F003DECF3 /* Build configuration list for PBXNativeTarget "SWiftAnimation" */;
			buildPhases = (
				2140E47F1F03734E003DECF3 /* Sources */,
				2140E4801F03734E003DECF3 /* Frameworks */,
				2140E4811F03734E003DECF3 /* Resources */,
			);
			buildRules = (
			);
			dependencies = (
			);
			name = SWiftAnimation;
			productName = SWiftAnimation;
			productReference = 2140E4831F03734E003DECF3 /* SWiftAnimation.app */;
			productType = "com.apple.product-type.application";
		};
		2140E4961F03734F003DECF3 /* SWiftAnimationTests */ = {
			isa = PBXNativeTarget;
			buildConfigurationList = 2140E4AE1F03734F003DECF3 /* Build configuration list for PBXNativeTarget "SWiftAnimationTests" */;
			buildPhases = (
				2140E4931F03734F003DECF3 /* Sources */,
				2140E4941F03734F003DECF3 /* Frameworks */,
				2140E4951F03734F003DECF3 /* Resources */,
			);
			buildRules = (
			);
			dependencies = (
				2140E4991F03734F003DECF3 /* PBXTargetDependency */,
			);
			name = SWiftAnimationTests;
			productName = SWiftAnimationTests;
			productReference = 2140E4971F03734F003DECF3 /* SWiftAnimationTests.xctest */;
			productType = "com.apple.product-type.bundle.unit-test";
		};
		2140E4A11F03734F003DECF3 /* SWiftAnimationUITests */ = {
			isa = PBXNativeTarget;
			buildConfigurationList = 2140E4B11F03734F003DECF3 /* Build configuration list for PBXNativeTarget "SWiftAnimationUITests" */;
			buildPhases = (
				2140E49E1F03734F003DECF3 /* Sources */,
				2140E49F1F03734F003DECF3 /* Frameworks */,
				2140E4A01F03734F003DECF3 /* Resources */,
			);
			buildRules = (
			);
			dependencies = (
				2140E4A41F03734F003DECF3 /* PBXTargetDependency */,
			);
			name = SWiftAnimationUITests;
			productName = SWiftAnimationUITests;
			productReference = 2140E4A21F03734F003DECF3 /* SWiftAnimationUITests.xctest */;
			productType = "com.apple.product-type.bundle.ui-testing";
		};
/* End PBXNativeTarget section */

/* Begin PBXProject section */
		2140E47B1F03734E003DECF3 /* Project object */ = {
			isa = PBXProject;
			attributes = {
				LastSwiftUpdateCheck = 0830;
				LastUpgradeCheck = 0830;
				ORGANIZATIONNAME = "瞄财网";
				TargetAttributes = {
					2140E4821F03734E003DECF3 = {
						CreatedOnToolsVersion = 8.3.2;
						ProvisioningStyle = Automatic;
					};
					2140E4961F03734F003DECF3 = {
						CreatedOnToolsVersion = 8.3.2;
						ProvisioningStyle = Automatic;
						TestTargetID = 2140E4821F03734E003DECF3;
					};
					2140E4A11F03734F003DECF3 = {
						CreatedOnToolsVersion = 8.3.2;
						ProvisioningStyle = Automatic;
						TestTargetID = 2140E4821F03734E003DECF3;
					};
				};
			};
			buildConfigurationList = 2140E47E1F03734E003DECF3 /* Build configuration list for PBXProject "SWiftAnimation" */;
			compatibilityVersion = "Xcode 3.2";
			developmentRegion = English;
			hasScannedForEncodings = 0;
			knownRegions = (
				en,
				Base,
			);
			mainGroup = 2140E47A1F03734E003DECF3;
			productRefGroup = 2140E4841F03734E003DECF3 /* Products */;
			projectDirPath = "";
			projectRoot = "";
			targets = (
				2140E4821F03734E003DECF3 /* SWiftAnimation */,
				2140E4961F03734F003DECF3 /* SWiftAnimationTests */,
				2140E4A11F03734F003DECF3 /* SWiftAnimationUITests */,
			);
		};
/* End PBXProject section */

/* Begin PBXResourcesBuildPhase section */
		2140E4811F03734E003DECF3 /* Resources */ = {
			isa = PBXResourcesBuildPhase;
			buildActionMask = 2147483647;
			files = (
				2140E4911F03734E003DECF3 /* LaunchScreen.storyboard in Resources */,
				21525C7D1F04C3AC007696FA /* 动画总结 in Resources */,
				2140E48E1F03734E003DECF3 /* Assets.xcassets in Resources */,
				2140E48C1F03734E003DECF3 /* Main.storyboard in Resources */,
			);
			runOnlyForDeploymentPostprocessing = 0;
		};
		2140E4951F03734F003DECF3 /* Resources */ = {
			isa = PBXResourcesBuildPhase;
			buildActionMask = 2147483647;
			files = (
			);
			runOnlyForDeploymentPostprocessing = 0;
		};
		2140E4A01F03734F003DECF3 /* Resources */ = {
			isa = PBXResourcesBuildPhase;
			buildActionMask = 2147483647;
			files = (
			);
			runOnlyForDeploymentPostprocessing = 0;
		};
/* End PBXResourcesBuildPhase section */

/* Begin PBXSourcesBuildPhase section */
		2140E47F1F03734E003DECF3 /* Sources */ = {
			isa = PBXSourcesBuildPhase;
			buildActionMask = 2147483647;
			files = (
				215280DA1F0506C400D84757 /* UINavigationControllerExtension.swift in Sources */,
				2140E4891F03734E003DECF3 /* ViewController.swift in Sources */,
				215280D81F04F6F900D84757 /* CustomAnimationController.swift in Sources */,
				212E878E1F038DEB0020ED24 /* ZB_BubbleView.swift in Sources */,
				2140E4871F03734E003DECF3 /* AppDelegate.swift in Sources */,
			);
			runOnlyForDeploymentPostprocessing = 0;
		};
		2140E4931F03734F003DECF3 /* Sources */ = {
			isa = PBXSourcesBuildPhase;
			buildActionMask = 2147483647;
			files = (
				2140E49C1F03734F003DECF3 /* SWiftAnimationTests.swift in Sources */,
			);
			runOnlyForDeploymentPostprocessing = 0;
		};
		2140E49E1F03734F003DECF3 /* Sources */ = {
			isa = PBXSourcesBuildPhase;
			buildActionMask = 2147483647;
			files = (
				2140E4A71F03734F003DECF3 /* SWiftAnimationUITests.swift in Sources */,
			);
			runOnlyForDeploymentPostprocessing = 0;
		};
/* End PBXSourcesBuildPhase section */

/* Begin PBXTargetDependency section */
		2140E4991F03734F003DECF3 /* PBXTargetDependency */ = {
			isa = PBXTargetDependency;
			target = 2140E4821F03734E003DECF3 /* SWiftAnimation */;
			targetProxy = 2140E4981F03734F003DECF3 /* PBXContainerItemProxy */;
		};
		2140E4A41F03734F003DECF3 /* PBXTargetDependency */ = {
			isa = PBXTargetDependency;
			target = 2140E4821F03734E003DECF3 /* SWiftAnimation */;
			targetProxy = 2140E4A31F03734F003DECF3 /* PBXContainerItemProxy */;
		};
/* End PBXTargetDependency section */

/* Begin PBXVariantGroup section */
		2140E48A1F03734E003DECF3 /* Main.storyboard */ = {
			isa = PBXVariantGroup;
			children = (
				2140E48B1F03734E003DECF3 /* Base */,
			);
			name = Main.storyboard;
			sourceTree = "<group>";
		};
		2140E48F1F03734E003DECF3 /* LaunchScreen.storyboard */ = {
			isa = PBXVariantGroup;
			children = (
				2140E4901F03734E003DECF3 /* Base */,
			);
			name = LaunchScreen.storyboard;
			sourceTree = "<group>";
		};
/* End PBXVariantGroup section */

/* Begin XCBuildConfiguration section */
		2140E4A91F03734F003DECF3 /* Debug */ = {
			isa = XCBuildConfiguration;
			buildSettings = {
				ALWAYS_SEARCH_USER_PATHS = NO;
				CLANG_ANALYZER_NONNULL = YES;
				CLANG_ANALYZER_NUMBER_OBJECT_CONVERSION = YES_AGGRESSIVE;
				CLANG_CXX_LANGUAGE_STANDARD = "gnu++0x";
				CLANG_CXX_LIBRARY = "libc++";
				CLANG_ENABLE_MODULES = YES;
				CLANG_ENABLE_OBJC_ARC = YES;
				CLANG_WARN_BOOL_CONVERSION = YES;
				CLANG_WARN_CONSTANT_CONVERSION = YES;
				CLANG_WARN_DIRECT_OBJC_ISA_USAGE = YES_ERROR;
				CLANG_WARN_DOCUMENTATION_COMMENTS = YES;
				CLANG_WARN_EMPTY_BODY = YES;
				CLANG_WARN_ENUM_CONVERSION = YES;
				CLANG_WARN_INFINITE_RECURSION = YES;
				CLANG_WARN_INT_CONVERSION = YES;
				CLANG_WARN_OBJC_ROOT_CLASS = YES_ERROR;
				CLANG_WARN_SUSPICIOUS_MOVE = YES;
				CLANG_WARN_UNREACHABLE_CODE = YES;
				CLANG_WARN__DUPLICATE_METHOD_MATCH = YES;
				"CODE_SIGN_IDENTITY[sdk=iphoneos*]" = "iPhone Developer";
				COPY_PHASE_STRIP = NO;
				DEBUG_INFORMATION_FORMAT = dwarf;
				ENABLE_STRICT_OBJC_MSGSEND = YES;
				ENABLE_TESTABILITY = YES;
				GCC_C_LANGUAGE_STANDARD = gnu99;
				GCC_DYNAMIC_NO_PIC = NO;
				GCC_NO_COMMON_BLOCKS = YES;
				GCC_OPTIMIZATION_LEVEL = 0;
				GCC_PREPROCESSOR_DEFINITIONS = (
					"DEBUG=1",
					"$(inherited)",
				);
				GCC_WARN_64_TO_32_BIT_CONVERSION = YES;
				GCC_WARN_ABOUT_RETURN_TYPE = YES_ERROR;
				GCC_WARN_UNDECLARED_SELECTOR = YES;
				GCC_WARN_UNINITIALIZED_AUTOS = YES_AGGRESSIVE;
				GCC_WARN_UNUSED_FUNCTION = YES;
				GCC_WARN_UNUSED_VARIABLE = YES;
				IPHONEOS_DEPLOYMENT_TARGET = 10.3;
				MTL_ENABLE_DEBUG_INFO = YES;
				ONLY_ACTIVE_ARCH = YES;
				SDKROOT = iphoneos;
				SWIFT_ACTIVE_COMPILATION_CONDITIONS = DEBUG;
				SWIFT_OPTIMIZATION_LEVEL = "-Onone";
			};
			name = Debug;
		};
		2140E4AA1F03734F003DECF3 /* Release */ = {
			isa = XCBuildConfiguration;
			buildSettings = {
				ALWAYS_SEARCH_USER_PATHS = NO;
				CLANG_ANALYZER_NONNULL = YES;
				CLANG_ANALYZER_NUMBER_OBJECT_CONVERSION = YES_AGGRESSIVE;
				CLANG_CXX_LANGUAGE_STANDARD = "gnu++0x";
				CLANG_CXX_LIBRARY = "libc++";
				CLANG_ENABLE_MODULES = YES;
				CLANG_ENABLE_OBJC_ARC = YES;
				CLANG_WARN_BOOL_CONVERSION = YES;
				CLANG_WARN_CONSTANT_CONVERSION = YES;
				CLANG_WARN_DIRECT_OBJC_ISA_USAGE = YES_ERROR;
				CLANG_WARN_DOCUMENTATION_COMMENTS = YES;
				CLANG_WARN_EMPTY_BODY = YES;
				CLANG_WARN_ENUM_CONVERSION = YES;
				CLANG_WARN_INFINITE_RECURSION = YES;
				CLANG_WARN_INT_CONVERSION = YES;
				CLANG_WARN_OBJC_ROOT_CLASS = YES_ERROR;
				CLANG_WARN_SUSPICIOUS_MOVE = YES;
				CLANG_WARN_UNREACHABLE_CODE = YES;
				CLANG_WARN__DUPLICATE_METHOD_MATCH = YES;
				"CODE_SIGN_IDENTITY[sdk=iphoneos*]" = "iPhone Developer";
				COPY_PHASE_STRIP = NO;
				DEBUG_INFORMATION_FORMAT = "dwarf-with-dsym";
				ENABLE_NS_ASSERTIONS = NO;
				ENABLE_STRICT_OBJC_MSGSEND = YES;
				GCC_C_LANGUAGE_STANDARD = gnu99;
				GCC_NO_COMMON_BLOCKS = YES;
				GCC_WARN_64_TO_32_BIT_CONVERSION = YES;
				GCC_WARN_ABOUT_RETURN_TYPE = YES_ERROR;
				GCC_WARN_UNDECLARED_SELECTOR = YES;
				GCC_WARN_UNINITIALIZED_AUTOS = YES_AGGRESSIVE;
				GCC_WARN_UNUSED_FUNCTION = YES;
				GCC_WARN_UNUSED_VARIABLE = YES;
				IPHONEOS_DEPLOYMENT_TARGET = 10.3;
				MTL_ENABLE_DEBUG_INFO = NO;
				SDKROOT = iphoneos;
				SWIFT_OPTIMIZATION_LEVEL = "-Owholemodule";
				VALIDATE_PRODUCT = YES;
			};
			name = Release;
		};
		2140E4AC1F03734F003DECF3 /* Debug */ = {
			isa = XCBuildConfiguration;
			buildSettings = {
				ASSETCATALOG_COMPILER_APPICON_NAME = AppIcon;
				INFOPLIST_FILE = SWiftAnimation/Info.plist;
				LD_RUNPATH_SEARCH_PATHS = "$(inherited) @executable_path/Frameworks";
				PRODUCT_BUNDLE_IDENTIFIER = com.miaocaiwang.SWiftAnimation;
				PRODUCT_NAME = "$(TARGET_NAME)";
				SWIFT_VERSION = 3.0;
			};
			name = Debug;
		};
		2140E4AD1F03734F003DECF3 /* Release */ = {
			isa = XCBuildConfiguration;
			buildSettings = {
				ASSETCATALOG_COMPILER_APPICON_NAME = AppIcon;
				INFOPLIST_FILE = SWiftAnimation/Info.plist;
				LD_RUNPATH_SEARCH_PATHS = "$(inherited) @executable_path/Frameworks";
				PRODUCT_BUNDLE_IDENTIFIER = com.miaocaiwang.SWiftAnimation;
				PRODUCT_NAME = "$(TARGET_NAME)";
				SWIFT_VERSION = 3.0;
			};
			name = Release;
		};
		2140E4AF1F03734F003DECF3 /* Debug */ = {
			isa = XCBuildConfiguration;
			buildSettings = {
				ALWAYS_EMBED_SWIFT_STANDARD_LIBRARIES = YES;
				BUNDLE_LOADER = "$(TEST_HOST)";
				INFOPLIST_FILE = SWiftAnimationTests/Info.plist;
				LD_RUNPATH_SEARCH_PATHS = "$(inherited) @executable_path/Frameworks @loader_path/Frameworks";
				PRODUCT_BUNDLE_IDENTIFIER = com.miaocaiwang.SWiftAnimationTests;
				PRODUCT_NAME = "$(TARGET_NAME)";
				SWIFT_VERSION = 3.0;
				TEST_HOST = "$(BUILT_PRODUCTS_DIR)/SWiftAnimation.app/SWiftAnimation";
			};
			name = Debug;
		};
		2140E4B01F03734F003DECF3 /* Release */ = {
			isa = XCBuildConfiguration;
			buildSettings = {
				ALWAYS_EMBED_SWIFT_STANDARD_LIBRARIES = YES;
				BUNDLE_LOADER = "$(TEST_HOST)";
				INFOPLIST_FILE = SWiftAnimationTests/Info.plist;
				LD_RUNPATH_SEARCH_PATHS = "$(inherited) @executable_path/Frameworks @loader_path/Frameworks";
				PRODUCT_BUNDLE_IDENTIFIER = com.miaocaiwang.SWiftAnimationTests;
				PRODUCT_NAME = "$(TARGET_NAME)";
				SWIFT_VERSION = 3.0;
				TEST_HOST = "$(BUILT_PRODUCTS_DIR)/SWiftAnimation.app/SWiftAnimation";
			};
			name = Release;
		};
		2140E4B21F03734F003DECF3 /* Debug */ = {
			isa = XCBuildConfiguration;
			buildSettings = {
				ALWAYS_EMBED_SWIFT_STANDARD_LIBRARIES = YES;
				INFOPLIST_FILE = SWiftAnimationUITests/Info.plist;
				LD_RUNPATH_SEARCH_PATHS = "$(inherited) @executable_path/Frameworks @loader_path/Frameworks";
				PRODUCT_BUNDLE_IDENTIFIER = com.miaocaiwang.SWiftAnimationUITests;
				PRODUCT_NAME = "$(TARGET_NAME)";
				SWIFT_VERSION = 3.0;
				TEST_TARGET_NAME = SWiftAnimation;
			};
			name = Debug;
		};
		2140E4B31F03734F003DECF3 /* Release */ = {
			isa = XCBuildConfiguration;
			buildSettings = {
				ALWAYS_EMBED_SWIFT_STANDARD_LIBRARIES = YES;
				INFOPLIST_FILE = SWiftAnimationUITests/Info.plist;
				LD_RUNPATH_SEARCH_PATHS = "$(inherited) @executable_path/Frameworks @loader_path/Frameworks";
				PRODUCT_BUNDLE_IDENTIFIER = com.miaocaiwang.SWiftAnimationUITests;
				PRODUCT_NAME = "$(TARGET_NAME)";
				SWIFT_VERSION = 3.0;
				TEST_TARGET_NAME = SWiftAnimation;
			};
			name = Release;
		};
/* End XCBuildConfiguration section */

/* Begin XCConfigurationList section */
		2140E47E1F03734E003DECF3 /* Build configuration list for PBXProject "SWiftAnimation" */ = {
			isa = XCConfigurationList;
			buildConfigurations = (
				2140E4A91F03734F003DECF3 /* Debug */,
				2140E4AA1F03734F003DECF3 /* Release */,
			);
			defaultConfigurationIsVisible = 0;
			defaultConfigurationName = Release;
		};
		2140E4AB1F03734F003DECF3 /* Build configuration list for PBXNativeTarget "SWiftAnimation" */ = {
			isa = XCConfigurationList;
			buildConfigurations = (
				2140E4AC1F03734F003DECF3 /* Debug */,
				2140E4AD1F03734F003DECF3 /* Release */,
			);
			defaultConfigurationIsVisible = 0;
			defaultConfigurationName = Release;
		};
		2140E4AE1F03734F003DECF3 /* Build configuration list for PBXNativeTarget "SWiftAnimationTests" */ = {
			isa = XCConfigurationList;
			buildConfigurations = (
				2140E4AF1F03734F003DECF3 /* Debug */,
				2140E4B01F03734F003DECF3 /* Release */,
			);
			defaultConfigurationIsVisible = 0;
			defaultConfigurationName = Release;
		};
		2140E4B11F03734F003DECF3 /* Build configuration list for PBXNativeTarget "SWiftAnimationUITests" */ = {
			isa = XCConfigurationList;
			buildConfigurations = (
				2140E4B21F03734F003DECF3 /* Debug */,
				2140E4B31F03734F003DECF3 /* Release */,
			);
			defaultConfigurationIsVisible = 0;
			defaultConfigurationName = Release;
		};
/* End XCConfigurationList section */
	};
	rootObject = 2140E47B1F03734E003DECF3 /* Project object */;
}
